// !$*UTF8*$!
{
	archiveVersion = 1;
	classes = {
	};
	objectVersion = 55;
	objects = {

/* Begin PBXBuildFile section */
		BF61F5C127C239F200AED138 /* AppDelegate.swift in Sources */ = {isa = PBXBuildFile; fileRef = BF61F5C027C239F200AED138 /* AppDelegate.swift */; };
		BF61F5C327C239F200AED138 /* SceneDelegate.swift in Sources */ = {isa = PBXBuildFile; fileRef = BF61F5C227C239F200AED138 /* SceneDelegate.swift */; };
		BF61F5C527C239F200AED138 /* ViewController.swift in Sources */ = {isa = PBXBuildFile; fileRef = BF61F5C427C239F200AED138 /* ViewController.swift */; };
		BF61F5C827C239F200AED138 /* Main.storyboard in Resources */ = {isa = PBXBuildFile; fileRef = BF61F5C627C239F200AED138 /* Main.storyboard */; };
		BF61F5CA27C239F300AED138 /* Assets.xcassets in Resources */ = {isa = PBXBuildFile; fileRef = BF61F5C927C239F300AED138 /* Assets.xcassets */; };
		BF61F5CD27C239F300AED138 /* LaunchScreen.storyboard in Resources */ = {isa = PBXBuildFile; fileRef = BF61F5CB27C239F300AED138 /* LaunchScreen.storyboard */; };
		BF61F5D827C239F300AED138 /* TechtaGramTests.swift in Sources */ = {isa = PBXBuildFile; fileRef = BF61F5D727C239F300AED138 /* TechtaGramTests.swift */; };
		BF61F5E227C239F300AED138 /* TechtaGramUITests.swift in Sources */ = {isa = PBXBuildFile; fileRef = BF61F5E127C239F300AED138 /* TechtaGramUITests.swift */; };
		BF61F5E427C239F300AED138 /* TechtaGramUITestsLaunchTests.swift in Sources */ = {isa = PBXBuildFile; fileRef = BF61F5E327C239F300AED138 /* TechtaGramUITestsLaunchTests.swift */; };
/* End PBXBuildFile section */

/* Begin PBXContainerItemProxy section */
		BF61F5D427C239F300AED138 /* PBXContainerItemProxy */ = {
			isa = PBXContainerItemProxy;
			containerPortal = BF61F5B527C239F200AED138 /* Project object */;
			proxyType = 1;
			remoteGlobalIDString = BF61F5BC27C239F200AED138;
			remoteInfo = TechtaGram;
		};
		BF61F5DE27C239F300AED138 /* PBXContainerItemProxy */ = {
			isa = PBXContainerItemProxy;
			containerPortal = BF61F5B527C239F200AED138 /* Project object */;
			proxyType = 1;
			remoteGlobalIDString = BF61F5BC27C239F200AED138;
			remoteInfo = TechtaGram;
		};
/* End PBXContainerItemProxy section */

/* Begin PBXFileReference section */
		BF61F5BD27C239F200AED138 /* TechtaGram.app */ = {isa = PBXFileReference; explicitFileType = wrapper.application; includeInIndex = 0; path = TechtaGram.app; sourceTree = BUILT_PRODUCTS_DIR; };
		BF61F5C027C239F200AED138 /* AppDelegate.swift */ = {isa = PBXFileReference; lastKnownFileType = sourcecode.swift; path = AppDelegate.swift; sourceTree = "<group>"; };
		BF61F5C227C239F200AED138 /* SceneDelegate.swift */ = {isa = PBXFileReference; lastKnownFileType = sourcecode.swift; path = SceneDelegate.swift; sourceTree = "<group>"; };
		BF61F5C427C239F200AED138 /* ViewController.swift */ = {isa = PBXFileReference; lastKnownFileType = sourcecode.swift; path = ViewController.swift; sourceTree = "<group>"; };
		BF61F5C727C239F200AED138 /* Base */ = {isa = PBXFileReference; lastKnownFileType = file.storyboard; name = Base; path = Base.lproj/Main.storyboard; sourceTree = "<group>"; };
		BF61F5C927C239F300AED138 /* Assets.xcassets */ = {isa = PBXFileReference; lastKnownFileType = folder.assetcatalog; path = Assets.xcassets; sourceTree = "<group>"; };
		BF61F5CC27C239F300AED138 /* Base */ = {isa = PBXFileReference; lastKnownFileType = file.storyboard; name = Base; path = Base.lproj/LaunchScreen.storyboard; sourceTree = "<group>"; };
		BF61F5CE27C239F300AED138 /* Info.plist */ = {isa = PBXFileReference; lastKnownFileType = text.plist.xml; path = Info.plist; sourceTree = "<group>"; };
		BF61F5D327C239F300AED138 /* TechtaGramTests.xctest */ = {isa = PBXFileReference; explicitFileType = wrapper.cfbundle; includeInIndex = 0; path = TechtaGramTests.xctest; sourceTree = BUILT_PRODUCTS_DIR; };
		BF61F5D727C239F300AED138 /* TechtaGramTests.swift */ = {isa = PBXFileReference; lastKnownFileType = sourcecode.swift; path = TechtaGramTests.swift; sourceTree = "<group>"; };
		BF61F5DD27C239F300AED138 /* TechtaGramUITests.xctest */ = {isa = PBXFileReference; explicitFileType = wrapper.cfbundle; includeInIndex = 0; path = TechtaGramUITests.xctest; sourceTree = BUILT_PRODUCTS_DIR; };
		BF61F5E127C239F300AED138 /* TechtaGramUITests.swift */ = {isa = PBXFileReference; lastKnownFileType = sourcecode.swift; path = TechtaGramUITests.swift; sourceTree = "<group>"; };
		BF61F5E327C239F300AED138 /* TechtaGramUITestsLaunchTests.swift */ = {isa = PBXFileReference; lastKnownFileType = sourcecode.swift; path = TechtaGramUITestsLaunchTests.swift; sourceTree = "<group>"; };
/* End PBXFileReference section */

/* Begin PBXFrameworksBuildPhase section */
		BF61F5BA27C239F200AED138 /* Frameworks */ = {
			isa = PBXFrameworksBuildPhase;
			buildActionMask = 2147483647;
			files = (
			);
			runOnlyForDeploymentPostprocessing = 0;
		};
		BF61F5D027C239F300AED138 /* Frameworks */ = {
			isa = PBXFrameworksBuildPhase;
			buildActionMask = 2147483647;
			files = (
			);
			runOnlyForDeploymentPostprocessing = 0;
		};
		BF61F5DA27C239F300AED138 /* Frameworks */ = {
			isa = PBXFrameworksBuildPhase;
			buildActionMask = 2147483647;
			files = (
			);
			runOnlyForDeploymentPostprocessing = 0;
		};
/* End PBXFrameworksBuildPhase section */

/* Begin PBXGroup section */
		BF61F5B427C239F200AED138 = {
			isa = PBXGroup;
			children = (
				BF61F5BF27C239F200AED138 /* TechtaGram */,
				BF61F5D627C239F300AED138 /* TechtaGramTests */,
				BF61F5E027C239F300AED138 /* TechtaGramUITests */,
				BF61F5BE27C239F200AED138 /* Products */,
			);
			sourceTree = "<group>";
		};
		BF61F5BE27C239F200AED138 /* Products */ = {
			isa = PBXGroup;
			children = (
				BF61F5BD27C239F200AED138 /* TechtaGram.app */,
				BF61F5D327C239F300AED138 /* TechtaGramTests.xctest */,
				BF61F5DD27C239F300AED138 /* TechtaGramUITests.xctest */,
			);
			name = Products;
			sourceTree = "<group>";
		};
		BF61F5BF27C239F200AED138 /* TechtaGram */ = {
			isa = PBXGroup;
			children = (
				BF61F5C027C239F200AED138 /* AppDelegate.swift */,
				BF61F5C227C239F200AED138 /* SceneDelegate.swift */,
				BF61F5C427C239F200AED138 /* ViewController.swift */,
				BF61F5C627C239F200AED138 /* Main.storyboard */,
				BF61F5C927C239F300AED138 /* Assets.xcassets */,
				BF61F5CB27C239F300AED138 /* LaunchScreen.storyboard */,
				BF61F5CE27C239F300AED138 /* Info.plist */,
			);
			path = TechtaGram;
			sourceTree = "<group>";
		};
		BF61F5D627C239F300AED138 /* TechtaGramTests */ = {
			isa = PBXGroup;
			children = (
				BF61F5D727C239F300AED138 /* TechtaGramTests.swift */,
			);
			path = TechtaGramTests;
			sourceTree = "<group>";
		};
		BF61F5E027C239F300AED138 /* TechtaGramUITests */ = {
			isa = PBXGroup;
			children = (
				BF61F5E127C239F300AED138 /* TechtaGramUITests.swift */,
				BF61F5E327C239F300AED138 /* TechtaGramUITestsLaunchTests.swift */,
			);
			path = TechtaGramUITests;
			sourceTree = "<group>";
		};
/* End PBXGroup section */

/* Begin PBXNativeTarget section */
		BF61F5BC27C239F200AED138 /* TechtaGram */ = {
			isa = PBXNativeTarget;
			buildConfigurationList = BF61F5E727C239F300AED138 /* Build configuration list for PBXNativeTarget "TechtaGram" */;
			buildPhases = (
				BF61F5B927C239F200AED138 /* Sources */,
				BF61F5BA27C239F200AED138 /* Frameworks */,
				BF61F5BB27C239F200AED138 /* Resources */,
			);
			buildRules = (
			);
			dependencies = (
			);
			name = TechtaGram;
			productName = TechtaGram;
			productReference = BF61F5BD27C239F200AED138 /* TechtaGram.app */;
			productType = "com.apple.product-type.application";
		};
		BF61F5D227C239F300AED138 /* TechtaGramTests */ = {
			isa = PBXNativeTarget;
			buildConfigurationList = BF61F5EA27C239F300AED138 /* Build configuration list for PBXNativeTarget "TechtaGramTests" */;
			buildPhases = (
				BF61F5CF27C239F300AED138 /* Sources */,
				BF61F5D027C239F300AED138 /* Frameworks */,
				BF61F5D127C239F300AED138 /* Resources */,
			);
			buildRules = (
			);
			dependencies = (
				BF61F5D527C239F300AED138 /* PBXTargetDependency */,
			);
			name = TechtaGramTests;
			productName = TechtaGramTests;
			productReference = BF61F5D327C239F300AED138 /* TechtaGramTests.xctest */;
			productType = "com.apple.product-type.bundle.unit-test";
		};
		BF61F5DC27C239F300AED138 /* TechtaGramUITests */ = {
			isa = PBXNativeTarget;
			buildConfigurationList = BF61F5ED27C239F300AED138 /* Build configuration list for PBXNativeTarget "TechtaGramUITests" */;
			buildPhases = (
				BF61F5D927C239F300AED138 /* Sources */,
				BF61F5DA27C239F300AED138 /* Frameworks */,
				BF61F5DB27C239F300AED138 /* Resources */,
			);
			buildRules = (
			);
			dependencies = (
				BF61F5DF27C239F300AED138 /* PBXTargetDependency */,
			);
			name = TechtaGramUITests;
			productName = TechtaGramUITests;
			productReference = BF61F5DD27C239F300AED138 /* TechtaGramUITests.xctest */;
			productType = "com.apple.product-type.bundle.ui-testing";
		};
/* End PBXNativeTarget section */

/* Begin PBXProject section */
		BF61F5B527C239F200AED138 /* Project object */ = {
			isa = PBXProject;
			attributes = {
				BuildIndependentTargetsInParallel = 1;
				LastSwiftUpdateCheck = 1300;
				LastUpgradeCheck = 1300;
				TargetAttributes = {
					BF61F5BC27C239F200AED138 = {
						CreatedOnToolsVersion = 13.0;
					};
					BF61F5D227C239F300AED138 = {
						CreatedOnToolsVersion = 13.0;
						TestTargetID = BF61F5BC27C239F200AED138;
					};
					BF61F5DC27C239F300AED138 = {
						CreatedOnToolsVersion = 13.0;
						TestTargetID = BF61F5BC27C239F200AED138;
					};
				};
			};
			buildConfigurationList = BF61F5B827C239F200AED138 /* Build configuration list for PBXProject "TechtaGram" */;
			compatibilityVersion = "Xcode 13.0";
			developmentRegion = en;
			hasScannedForEncodings = 0;
			knownRegions = (
				en,
				Base,
			);
			mainGroup = BF61F5B427C239F200AED138;
			productRefGroup = BF61F5BE27C239F200AED138 /* Products */;
			projectDirPath = "";
			projectRoot = "";
			targets = (
				BF61F5BC27C239F200AED138 /* TechtaGram */,
				BF61F5D227C239F300AED138 /* TechtaGramTests */,
				BF61F5DC27C239F300AED138 /* TechtaGramUITests */,
			);
		};
/* End PBXProject section */

/* Begin PBXResourcesBuildPhase section */
		BF61F5BB27C239F200AED138 /* Resources */ = {
			isa = PBXResourcesBuildPhase;
			buildActionMask = 2147483647;
			files = (
				BF61F5CD27C239F300AED138 /* LaunchScreen.storyboard in Resources */,
				BF61F5CA27C239F300AED138 /* Assets.xcassets in Resources */,
				BF61F5C827C239F200AED138 /* Main.storyboard in Resources */,
			);
			runOnlyForDeploymentPostprocessing = 0;
		};
		BF61F5D127C239F300AED138 /* Resources */ = {
			isa = PBXResourcesBuildPhase;
			buildActionMask = 2147483647;
			files = (
			);
			runOnlyForDeploymentPostprocessing = 0;
		};
		BF61F5DB27C239F300AED138 /* Resources */ = {
			isa = PBXResourcesBuildPhase;
			buildActionMask = 2147483647;
			files = (
			);
			runOnlyForDeploymentPostprocessing = 0;
		};
/* End PBXResourcesBuildPhase section */

/* Begin PBXSourcesBuildPhase section */
		BF61F5B927C239F200AED138 /* Sources */ = {
			isa = PBXSourcesBuildPhase;
			buildActionMask = 2147483647;
			files = (
				BF61F5C527C239F200AED138 /* ViewController.swift in Sources */,
				BF61F5C127C239F200AED138 /* AppDelegate.swift in Sources */,
				BF61F5C327C239F200AED138 /* SceneDelegate.swift in Sources */,
			);
			runOnlyForDeploymentPostprocessing = 0;
		};
		BF61F5CF27C239F300AED138 /* Sources */ = {
			isa = PBXSourcesBuildPhase;
			buildActionMask = 2147483647;
			files = (
				BF61F5D827C239F300AED138 /* TechtaGramTests.swift in Sources */,
			);
			runOnlyForDeploymentPostprocessing = 0;
		};
		BF61F5D927C239F300AED138 /* Sources */ = {
			isa = PBXSourcesBuildPhase;
			buildActionMask = 2147483647;
			files = (
				BF61F5E427C239F300AED138 /* TechtaGramUITestsLaunchTests.swift in Sources */,
				BF61F5E227C239F300AED138 /* TechtaGramUITests.swift in Sources */,
			);
			runOnlyForDeploymentPostprocessing = 0;
		};
/* End PBXSourcesBuildPhase section */

/* Begin PBXTargetDependency section */
		BF61F5D527C239F300AED138 /* PBXTargetDependency */ = {
			isa = PBXTargetDependency;
			target = BF61F5BC27C239F200AED138 /* TechtaGram */;
			targetProxy = BF61F5D427C239F300AED138 /* PBXContainerItemProxy */;
		};
		BF61F5DF27C239F300AED138 /* PBXTargetDependency */ = {
			isa = PBXTargetDependency;
			target = BF61F5BC27C239F200AED138 /* TechtaGram */;
			targetProxy = BF61F5DE27C239F300AED138 /* PBXContainerItemProxy */;
		};
/* End PBXTargetDependency section */

/* Begin PBXVariantGroup section */
		BF61F5C627C239F200AED138 /* Main.storyboard */ = {
			isa = PBXVariantGroup;
			children = (
				BF61F5C727C239F200AED138 /* Base */,
			);
			name = Main.storyboard;
			sourceTree = "<group>";
		};
		BF61F5CB27C239F300AED138 /* LaunchScreen.storyboard */ = {
			isa = PBXVariantGroup;
			children = (
				BF61F5CC27C239F300AED138 /* Base */,
			);
			name = LaunchScreen.storyboard;
			sourceTree = "<group>";
		};
/* End PBXVariantGroup section */

/* Begin XCBuildConfiguration section */
		BF61F5E527C239F300AED138 /* Debug */ = {
			isa = XCBuildConfiguration;
			buildSettings = {
				ALWAYS_SEARCH_USER_PATHS = NO;
				CLANG_ANALYZER_NONNULL = YES;
				CLANG_ANALYZER_NUMBER_OBJECT_CONVERSION = YES_AGGRESSIVE;
				CLANG_CXX_LANGUAGE_STANDARD = "gnu++17";
				CLANG_CXX_LIBRARY = "libc++";
				CLANG_ENABLE_MODULES = YES;
				CLANG_ENABLE_OBJC_ARC = YES;
				CLANG_ENABLE_OBJC_WEAK = YES;
				CLANG_WARN_BLOCK_CAPTURE_AUTORELEASING = YES;
				CLANG_WARN_BOOL_CONVERSION = YES;
				CLANG_WARN_COMMA = YES;
				CLANG_WARN_CONSTANT_CONVERSION = YES;
				CLANG_WARN_DEPRECATED_OBJC_IMPLEMENTATIONS = YES;
				CLANG_WARN_DIRECT_OBJC_ISA_USAGE = YES_ERROR;
				CLANG_WARN_DOCUMENTATION_COMMENTS = YES;
				CLANG_WARN_EMPTY_BODY = YES;
				CLANG_WARN_ENUM_CONVERSION = YES;
				CLANG_WARN_INFINITE_RECURSION = YES;
				CLANG_WARN_INT_CONVERSION = YES;
				CLANG_WARN_NON_LITERAL_NULL_CONVERSION = YES;
				CLANG_WARN_OBJC_IMPLICIT_RETAIN_SELF = YES;
				CLANG_WARN_OBJC_LITERAL_CONVERSION = YES;
				CLANG_WARN_OBJC_ROOT_CLASS = YES_ERROR;
				CLANG_WARN_QUOTED_INCLUDE_IN_FRAMEWORK_HEADER = YES;
				CLANG_WARN_RANGE_LOOP_ANALYSIS = YES;
				CLANG_WARN_STRICT_PROTOTYPES = YES;
				CLANG_WARN_SUSPICIOUS_MOVE = YES;
				CLANG_WARN_UNGUARDED_AVAILABILITY = YES_AGGRESSIVE;
				CLANG_WARN_UNREACHABLE_CODE = YES;
				CLANG_WARN__DUPLICATE_METHOD_MATCH = YES;
				COPY_PHASE_STRIP = NO;
				DEBUG_INFORMATION_FORMAT = dwarf;
				ENABLE_STRICT_OBJC_MSGSEND = YES;
				ENABLE_TESTABILITY = YES;
				GCC_C_LANGUAGE_STANDARD = gnu11;
				GCC_DYNAMIC_NO_PIC = NO;
				GCC_NO_COMMON_BLOCKS = YES;
				GCC_OPTIMIZATION_LEVEL = 0;
				GCC_PREPROCESSOR_DEFINITIONS = (
					"DEBUG=1",
					"$(inherited)",
				);
				GCC_WARN_64_TO_32_BIT_CONVERSION = YES;
				GCC_WARN_ABOUT_RETURN_TYPE = YES_ERROR;
				GCC_WARN_UNDECLARED_SELECTOR = YES;
				GCC_WARN_UNINITIALIZED_AUTOS = YES_AGGRESSIVE;
				GCC_WARN_UNUSED_FUNCTION = YES;
				GCC_WARN_UNUSED_VARIABLE = YES;
				IPHONEOS_DEPLOYMENT_TARGET = 15.0;
				MTL_ENABLE_DEBUG_INFO = INCLUDE_SOURCE;
				MTL_FAST_MATH = YES;
				ONLY_ACTIVE_ARCH = YES;
				SDKROOT = iphoneos;
				SWIFT_ACTIVE_COMPILATION_CONDITIONS = DEBUG;
				SWIFT_OPTIMIZATION_LEVEL = "-Onone";
			};
			name = Debug;
		};
		BF61F5E627C239F300AED138 /* Release */ = {
			isa = XCBuildConfiguration;
			buildSettings = {
				ALWAYS_SEARCH_USER_PATHS = NO;
				CLANG_ANALYZER_NONNULL = YES;
				CLANG_ANALYZER_NUMBER_OBJECT_CONVERSION = YES_AGGRESSIVE;
				CLANG_CXX_LANGUAGE_STANDARD = "gnu++17";
				CLANG_CXX_LIBRARY = "libc++";
				CLANG_ENABLE_MODULES = YES;
				CLANG_ENABLE_OBJC_ARC = YES;
				CLANG_ENABLE_OBJC_WEAK = YES;
				CLANG_WARN_BLOCK_CAPTURE_AUTORELEASING = YES;
				CLANG_WARN_BOOL_CONVERSION = YES;
				CLANG_WARN_COMMA = YES;
				CLANG_WARN_CONSTANT_CONVERSION = YES;
				CLANG_WARN_DEPRECATED_OBJC_IMPLEMENTATIONS = YES;
				CLANG_WARN_DIRECT_OBJC_ISA_USAGE = YES_ERROR;
				CLANG_WARN_DOCUMENTATION_COMMENTS = YES;
				CLANG_WARN_EMPTY_BODY = YES;
				CLANG_WARN_ENUM_CONVERSION = YES;
				CLANG_WARN_INFINITE_RECURSION = YES;
				CLANG_WARN_INT_CONVERSION = YES;
				CLANG_WARN_NON_LITERAL_NULL_CONVERSION = YES;
				CLANG_WARN_OBJC_IMPLICIT_RETAIN_SELF = YES;
				CLANG_WARN_OBJC_LITERAL_CONVERSION = YES;
				CLANG_WARN_OBJC_ROOT_CLASS = YES_ERROR;
				CLANG_WARN_QUOTED_INCLUDE_IN_FRAMEWORK_HEADER = YES;
				CLANG_WARN_RANGE_LOOP_ANALYSIS = YES;
				CLANG_WARN_STRICT_PROTOTYPES = YES;
				CLANG_WARN_SUSPICIOUS_MOVE = YES;
				CLANG_WARN_UNGUARDED_AVAILABILITY = YES_AGGRESSIVE;
				CLANG_WARN_UNREACHABLE_CODE = YES;
				CLANG_WARN__DUPLICATE_METHOD_MATCH = YES;
				COPY_PHASE_STRIP = NO;
				DEBUG_INFORMATION_FORMAT = "dwarf-with-dsym";
				ENABLE_NS_ASSERTIONS = NO;
				ENABLE_STRICT_OBJC_MSGSEND = YES;
				GCC_C_LANGUAGE_STANDARD = gnu11;
				GCC_NO_COMMON_BLOCKS = YES;
				GCC_WARN_64_TO_32_BIT_CONVERSION = YES;
				GCC_WARN_ABOUT_RETURN_TYPE = YES_ERROR;
				GCC_WARN_UNDECLARED_SELECTOR = YES;
				GCC_WARN_UNINITIALIZED_AUTOS = YES_AGGRESSIVE;
				GCC_WARN_UNUSED_FUNCTION = YES;
				GCC_WARN_UNUSED_VARIABLE = YES;
				IPHONEOS_DEPLOYMENT_TARGET = 15.0;
				MTL_ENABLE_DEBUG_INFO = NO;
				MTL_FAST_MATH = YES;
				SDKROOT = iphoneos;
				SWIFT_COMPILATION_MODE = wholemodule;
				SWIFT_OPTIMIZATION_LEVEL = "-O";
				VALIDATE_PRODUCT = YES;
			};
			name = Release;
		};
		BF61F5E827C239F300AED138 /* Debug */ = {
			isa = XCBuildConfiguration;
			buildSettings = {
				ASSETCATALOG_COMPILER_APPICON_NAME = AppIcon;
				ASSETCATALOG_COMPILER_GLOBAL_ACCENT_COLOR_NAME = AccentColor;
				CODE_SIGN_STYLE = Automatic;
				CURRENT_PROJECT_VERSION = 1;
				DEVELOPMENT_TEAM = H6WZ83BNAM;
				GENERATE_INFOPLIST_FILE = YES;
				INFOPLIST_FILE = TechtaGram/Info.plist;
				INFOPLIST_KEY_NSCameraUsageDescription = "アプリ内で編集する写真を撮るためにカメラを起動します";
				INFOPLIST_KEY_NSPhotoLibraryAddUsageDescription = "編集した画像をフォトライブラリに保存します";
				INFOPLIST_KEY_NSPhotoLibraryUsageDescription = "アプリ内で編集する画像をフォトライブラリから呼び出します";
				INFOPLIST_KEY_UIApplicationSupportsIndirectInputEvents = YES;
				INFOPLIST_KEY_UILaunchStoryboardName = LaunchScreen;
				INFOPLIST_KEY_UIMainStoryboardFile = Main;
				INFOPLIST_KEY_UISupportedInterfaceOrientations_iPad = "UIInterfaceOrientationPortrait UIInterfaceOrientationPortraitUpsideDown UIInterfaceOrientationLandscapeLeft UIInterfaceOrientationLandscapeRight";
				INFOPLIST_KEY_UISupportedInterfaceOrientations_iPhone = "UIInterfaceOrientationPortrait UIInterfaceOrientationLandscapeLeft UIInterfaceOrientationLandscapeRight";
				LD_RUNPATH_SEARCH_PATHS = (
					"$(inherited)",
					"@executable_path/Frameworks",
				);
				MARKETING_VERSION = 1.0;
				PRODUCT_BUNDLE_IDENTIFIER = com.KURO.TechtaGram;
				PRODUCT_NAME = "$(TARGET_NAME)";
				SWIFT_EMIT_LOC_STRINGS = YES;
				SWIFT_VERSION = 5.0;
				TARGETED_DEVICE_FAMILY = "1,2";
			};
			name = Debug;
		};
		BF61F5E927C239F300AED138 /* Release */ = {
			isa = XCBuildConfiguration;
			buildSettings = {
				ASSETCATALOG_COMPILER_APPICON_NAME = AppIcon;
				ASSETCATALOG_COMPILER_GLOBAL_ACCENT_COLOR_NAME = AccentColor;
				CODE_SIGN_STYLE = Automatic;
				CURRENT_PROJECT_VERSION = 1;
				DEVELOPMENT_TEAM = H6WZ83BNAM;
				GENERATE_INFOPLIST_FILE = YES;
				INFOPLIST_FILE = TechtaGram/Info.plist;
				INFOPLIST_KEY_NSCameraUsageDescription = "アプリ内で編集する写真を撮るためにカメラを起動します";
				INFOPLIST_KEY_NSPhotoLibraryAddUsageDescription = "編集した画像をフォトライブラリに保存します";
				INFOPLIST_KEY_NSPhotoLibraryUsageDescription = "アプリ内で編集する画像をフォトライブラリから呼び出します";
				INFOPLIST_KEY_UIApplicationSupportsIndirectInputEvents = YES;
				INFOPLIST_KEY_UILaunchStoryboardName = LaunchScreen;
				INFOPLIST_KEY_UIMainStoryboardFile = Main;
				INFOPLIST_KEY_UISupportedInterfaceOrientations_iPad = "UIInterfaceOrientationPortrait UIInterfaceOrientationPortraitUpsideDown UIInterfaceOrientationLandscapeLeft UIInterfaceOrientationLandscapeRight";
				INFOPLIST_KEY_UISupportedInterfaceOrientations_iPhone = "UIInterfaceOrientationPortrait UIInterfaceOrientationLandscapeLeft UIInterfaceOrientationLandscapeRight";
				LD_RUNPATH_SEARCH_PATHS = (
					"$(inherited)",
					"@executable_path/Frameworks",
				);
				MARKETING_VERSION = 1.0;
				PRODUCT_BUNDLE_IDENTIFIER = com.KURO.TechtaGram;
				PRODUCT_NAME = "$(TARGET_NAME)";
				SWIFT_EMIT_LOC_STRINGS = YES;
				SWIFT_VERSION = 5.0;
				TARGETED_DEVICE_FAMILY = "1,2";
			};
			name = Release;
		};
		BF61F5EB27C239F300AED138 /* Debug */ = {
			isa = XCBuildConfiguration;
			buildSettings = {
				ALWAYS_EMBED_SWIFT_STANDARD_LIBRARIES = YES;
				BUNDLE_LOADER = "$(TEST_HOST)";
				CODE_SIGN_STYLE = Automatic;
				CURRENT_PROJECT_VERSION = 1;
				DEVELOPMENT_TEAM = H6WZ83BNAM;
				GENERATE_INFOPLIST_FILE = YES;
				IPHONEOS_DEPLOYMENT_TARGET = 15.0;
				LD_RUNPATH_SEARCH_PATHS = (
					"$(inherited)",
					"@executable_path/Frameworks",
					"@loader_path/Frameworks",
				);
				MARKETING_VERSION = 1.0;
				PRODUCT_BUNDLE_IDENTIFIER = com.KURO.TechtaGramTests;
				PRODUCT_NAME = "$(TARGET_NAME)";
				SWIFT_EMIT_LOC_STRINGS = NO;
				SWIFT_VERSION = 5.0;
				TARGETED_DEVICE_FAMILY = "1,2";
				TEST_HOST = "$(BUILT_PRODUCTS_DIR)/TechtaGram.app/TechtaGram";
			};
			name = Debug;
		};
		BF61F5EC27C239F300AED138 /* Release */ = {
			isa = XCBuildConfiguration;
			buildSettings = {
				ALWAYS_EMBED_SWIFT_STANDARD_LIBRARIES = YES;
				BUNDLE_LOADER = "$(TEST_HOST)";
				CODE_SIGN_STYLE = Automatic;
				CURRENT_PROJECT_VERSION = 1;
				DEVELOPMENT_TEAM = H6WZ83BNAM;
				GENERATE_INFOPLIST_FILE = YES;
				IPHONEOS_DEPLOYMENT_TARGET = 15.0;
				LD_RUNPATH_SEARCH_PATHS = (
					"$(inherited)",
					"@executable_path/Frameworks",
					"@loader_path/Frameworks",
				);
				MARKETING_VERSION = 1.0;
				PRODUCT_BUNDLE_IDENTIFIER = com.KURO.TechtaGramTests;
				PRODUCT_NAME = "$(TARGET_NAME)";
				SWIFT_EMIT_LOC_STRINGS = NO;
				SWIFT_VERSION = 5.0;
				TARGETED_DEVICE_FAMILY = "1,2";
				TEST_HOST = "$(BUILT_PRODUCTS_DIR)/TechtaGram.app/TechtaGram";
			};
			name = Release;
		};
		BF61F5EE27C239F300AED138 /* Debug */ = {
			isa = XCBuildConfiguration;
			buildSettings = {
				ALWAYS_EMBED_SWIFT_STANDARD_LIBRARIES = YES;
				CODE_SIGN_STYLE = Automatic;
				CURRENT_PROJECT_VERSION = 1;
				DEVELOPMENT_TEAM = H6WZ83BNAM;
				GENERATE_INFOPLIST_FILE = YES;
				LD_RUNPATH_SEARCH_PATHS = (
					"$(inherited)",
					"@executable_path/Frameworks",
					"@loader_path/Frameworks",
				);
				MARKETING_VERSION = 1.0;
				PRODUCT_BUNDLE_IDENTIFIER = com.KURO.TechtaGramUITests;
				PRODUCT_NAME = "$(TARGET_NAME)";
				SWIFT_EMIT_LOC_STRINGS = NO;
				SWIFT_VERSION = 5.0;
				TARGETED_DEVICE_FAMILY = "1,2";
				TEST_TARGET_NAME = TechtaGram;
			};
			name = Debug;
		};
		BF61F5EF27C239F300AED138 /* Release */ = {
			isa = XCBuildConfiguration;
			buildSettings = {
				ALWAYS_EMBED_SWIFT_STANDARD_LIBRARIES = YES;
				CODE_SIGN_STYLE = Automatic;
				CURRENT_PROJECT_VERSION = 1;
				DEVELOPMENT_TEAM = H6WZ83BNAM;
				GENERATE_INFOPLIST_FILE = YES;
				LD_RUNPATH_SEARCH_PATHS = (
					"$(inherited)",
					"@executable_path/Frameworks",
					"@loader_path/Frameworks",
				);
				MARKETING_VERSION = 1.0;
				PRODUCT_BUNDLE_IDENTIFIER = com.KURO.TechtaGramUITests;
				PRODUCT_NAME = "$(TARGET_NAME)";
				SWIFT_EMIT_LOC_STRINGS = NO;
				SWIFT_VERSION = 5.0;
				TARGETED_DEVICE_FAMILY = "1,2";
				TEST_TARGET_NAME = TechtaGram;
			};
			name = Release;
		};
/* End XCBuildConfiguration section */

/* Begin XCConfigurationList section */
		BF61F5B827C239F200AED138 /* Build configuration list for PBXProject "TechtaGram" */ = {
			isa = XCConfigurationList;
			buildConfigurations = (
				BF61F5E527C239F300AED138 /* Debug */,
				BF61F5E627C239F300AED138 /* Release */,
			);
			defaultConfigurationIsVisible = 0;
			defaultConfigurationName = Release;
		};
		BF61F5E727C239F300AED138 /* Build configuration list for PBXNativeTarget "TechtaGram" */ = {
			isa = XCConfigurationList;
			buildConfigurations = (
				BF61F5E827C239F300AED138 /* Debug */,
				BF61F5E927C239F300AED138 /* Release */,
			);
			defaultConfigurationIsVisible = 0;
			defaultConfigurationName = Release;
		};
		BF61F5EA27C239F300AED138 /* Build configuration list for PBXNativeTarget "TechtaGramTests" */ = {
			isa = XCConfigurationList;
			buildConfigurations = (
				BF61F5EB27C239F300AED138 /* Debug */,
				BF61F5EC27C239F300AED138 /* Release */,
			);
			defaultConfigurationIsVisible = 0;
			defaultConfigurationName = Release;
		};
		BF61F5ED27C239F300AED138 /* Build configuration list for PBXNativeTarget "TechtaGramUITests" */ = {
			isa = XCConfigurationList;
			buildConfigurations = (
				BF61F5EE27C239F300AED138 /* Debug */,
				BF61F5EF27C239F300AED138 /* Release */,
			);
			defaultConfigurationIsVisible = 0;
			defaultConfigurationName = Release;
		};
/* End XCConfigurationList section */
	};
	rootObject = BF61F5B527C239F200AED138 /* Project object */;
}
